
Microsoft Visual Studio Solution File, Format Version 12.00
# Visual Studio 15
Project("{FAE04EC0-301F-11D3-BF4B-00C04F79EFBC}") = "backend-server", "backend-server.csproj", "{7F0A40FF-D4AF-43DC-8AF3-63EA6D1A4913}"
EndProject
Global
	GlobalSection(SolutionConfigurationPlatforms) = preSolution
		Debug|Any CPU = Debug|Any CPU
		Release|Any CPU = Release|Any CPU
	EndGlobalSection
	GlobalSection(ProjectConfigurationPlatforms) = postSolution
		{7F0A40FF-D4AF-43DC-8AF3-63EA6D1A4913}.Debug|Any CPU.ActiveCfg = Debug|Any CPU
		{7F0A40FF-D4AF-43DC-8AF3-63EA6D1A4913}.Debug|Any CPU.Build.0 = Debug|Any CPU
		{7F0A40FF-D4AF-43DC-8AF3-63EA6D1A4913}.Release|Any CPU.ActiveCfg = Release|Any CPU
		{7F0A40FF-D4AF-43DC-8AF3-63EA6D1A4913}.Release|Any CPU.Build.0 = Release|Any CPU
	EndGlobalSection
EndGlobal
